
Microsoft Visual Studio Solution File, Format Version 12.00
# Visual Studio Version 16
VisualStudioVersion = 16.0.30204.135
MinimumVisualStudioVersion = 10.0.40219.1
Project("{FAE04EC0-301F-11D3-BF4B-00C04F79EFBC}") = "RestApiCS", "RestApiCS\RestApiCS.csproj", "{A923FE50-CE25-40F2-B608-514287FB925D}"
EndProject
Global
	GlobalSection(SolutionConfigurationPlatforms) = preSolution
		Debug|Any CPU = Debug|Any CPU
		Release|Any CPU = Release|Any CPU
	EndGlobalSection
	GlobalSection(ProjectConfigurationPlatforms) = postSolution
		{A923FE50-CE25-40F2-B608-514287FB925D}.Debug|Any CPU.ActiveCfg = Debug|Any CPU
		{A923FE50-CE25-40F2-B608-514287FB925D}.Debug|Any CPU.Build.0 = Debug|Any CPU
		{A923FE50-CE25-40F2-B608-514287FB925D}.Release|Any CPU.ActiveCfg = Release|Any CPU
		{A923FE50-CE25-40F2-B608-514287FB925D}.Release|Any CPU.Build.0 = Release|Any CPU
	EndGlobalSection
	GlobalSection(SolutionProperties) = preSolution
		HideSolutionNode = FALSE
	EndGlobalSection
	GlobalSection(ExtensibilityGlobals) = postSolution
		SolutionGuid = {943F51B8-FAA8-4E03-9347-01716135172B}
	EndGlobalSection
EndGlobal
